{
  "name": "mongo-express",
  "version": "0.21.0",
  "lockfileVersion": 1,
  "dependencies": {
    "async": {
      "version": "0.8.0",
      "resolved": "https://registry.npmjs.org/async/-/async-0.8.0.tgz",
      "integrity": "sha1-7mXsdymML/FFa8RBigUtDwZDURI="
    },
    "basic-auth-connect": {
      "version": "1.0.0",
      "resolved": "https://registry.npmjs.org/basic-auth-connect/-/basic-auth-connect-1.0.0.tgz",
      "integrity": "sha1-/bC0OWLKe0BFanwrtI/hc9otISI="
    },
    "body-parser": {
      "version": "1.13.3",
      "resolved": "https://registry.npmjs.org/body-parser/-/body-parser-1.13.3.tgz",
      "integrity": "sha1-wIzzMMM1jhUQFqBXRvE/ApyX+pc=",
      "dependencies": {
        "bytes": {
          "version": "2.1.0",
          "resolved": "https://registry.npmjs.org/bytes/-/bytes-2.1.0.tgz",
          "integrity": "sha1-rJPEEOL/ycx89LRks4KJBn9eR7Q="
        },
        "content-type": {
          "version": "1.0.1",
          "resolved": "https://registry.npmjs.org/content-type/-/content-type-1.0.1.tgz",
          "integrity": "sha1-oZ0iRzJ9wDgFDOYit6FU7FnF5gA="
        },
        "debug": {
          "version": "2.2.0",
          "resolved": "https://registry.npmjs.org/debug/-/debug-2.2.0.tgz",
          "integrity": "sha1-+HBX6ZWxofauaklgZkE3vFbwOdo=",
          "dependencies": {
            "ms": {
              "version": "0.7.1",
              "resolved": "https://registry.npmjs.org/ms/-/ms-0.7.1.tgz",
              "integrity": "sha1-nNE8A62/8ltl7/3nzoZO6VIBcJg="
            }
          }
        },
        "depd": {
          "version": "1.0.1",
          "resolved": "https://registry.npmjs.org/depd/-/depd-1.0.1.tgz",
          "integrity": "sha1-gK7GTJ1tl+ZcwqnKqTwKpqv3Oqo="
        },
        "http-errors": {
          "version": "1.3.1",
          "resolved": "https://registry.npmjs.org/http-errors/-/http-errors-1.3.1.tgz",
          "integrity": "sha1-GX4izevUGYWF6GlO9nhhl7ke2UI=",
          "dependencies": {
            "inherits": {
              "version": "2.0.1",
              "resolved": "https://registry.npmjs.org/inherits/-/inherits-2.0.1.tgz",
              "integrity": "sha1-sX0I0ya0Qj5Wjv9xn5GwscvfafE="
            },
            "statuses": {
              "version": "1.2.1",
              "resolved": "https://registry.npmjs.org/statuses/-/statuses-1.2.1.tgz",
              "integrity": "sha1-3e1FzBglbVHtQK7BQkidXGECbSg="
            }
          }
        },
        "iconv-lite": {
          "version": "0.4.11",
          "resolved": "https://registry.npmjs.org/iconv-lite/-/iconv-lite-0.4.11.tgz",
          "integrity": "sha1-LstC/SlHRJIiCaLnxATayHk9it4="
        },
        "on-finished": {
          "version": "2.3.0",
          "resolved": "https://registry.npmjs.org/on-finished/-/on-finished-2.3.0.tgz",
          "integrity": "sha1-IPEzZIGwg811M3mSoWlxqi2QaUc=",
          "dependencies": {
            "ee-first": {
              "version": "1.1.1",
              "resolved": "https://registry.npmjs.org/ee-first/-/ee-first-1.1.1.tgz",
              "integrity": "sha1-WQxhFWsK4vTwJVcyoViyZrxWsh0="
            }
          }
        },
        "qs": {
          "version": "4.0.0",
          "resolved": "https://registry.npmjs.org/qs/-/qs-4.0.0.tgz",
          "integrity": "sha1-wx2bdOwn33XlQ6hseHKO2NRiNgc="
        },
        "raw-body": {
          "version": "2.1.2",
          "resolved": "https://registry.npmjs.org/raw-body/-/raw-body-2.1.2.tgz",
          "integrity": "sha1-Y0gagFujDtfVmtRDOyDrhQ+V6Ic=",
          "dependencies": {
            "unpipe": {
              "version": "1.0.0",
              "resolved": "https://registry.npmjs.org/unpipe/-/unpipe-1.0.0.tgz",
              "integrity": "sha1-sr9O6FFKrmFltIF4KdIbLvSZBOw="
            }
          }
        },
        "type-is": {
          "version": "1.6.7",
          "resolved": "https://registry.npmjs.org/type-is/-/type-is-1.6.7.tgz",
          "integrity": "sha1-XsK8fH3rw39YbVGMB0erkB92vOw=",
          "dependencies": {
            "media-typer": {
              "version": "0.3.0",
              "resolved": "https://registry.npmjs.org/media-typer/-/media-typer-0.3.0.tgz",
              "integrity": "sha1-hxDXrwqmJvj/+hzgAWhUUmMlV0g="
            },
            "mime-types": {
              "version": "2.1.5",
              "resolved": "https://registry.npmjs.org/mime-types/-/mime-types-2.1.5.tgz",
              "integrity": "sha1-I1WsDh4MWmjY32R0tDEZJ0Pwo+o=",
              "dependencies": {
                "mime-db": {
                  "version": "1.17.0",
                  "resolved": "https://registry.npmjs.org/mime-db/-/mime-db-1.17.0.tgz",
                  "integrity": "sha1-lb3ARAktK8wxid0Z++1u06Pz3yo="
                }
              }
            }
          }
        }
      }
    },
    "bson": {
      "version": "1.0.4",
      "resolved": "https://registry.npmjs.org/bson/-/bson-1.0.4.tgz",
      "integrity": "sha1-k8ENOeqltYQVy8QFLz5T5WKwtyw="
    },
    "buffer-shims": {
      "version": "1.0.0",
      "resolved": "https://registry.npmjs.org/buffer-shims/-/buffer-shims-1.0.0.tgz",
      "integrity": "sha1-mXjOMXOIxkmth5MCjDR37wRKi1E="
    },
    "chai": {
      "version": "1.9.2",
      "resolved": "https://registry.npmjs.org/chai/-/chai-1.9.2.tgz",
      "integrity": "sha1-Pxog+CsLnXQ3V30k1vErGmnTtZA=",
      "dev": true,
      "dependencies": {
        "assertion-error": {
          "version": "1.0.0",
          "resolved": "https://registry.npmjs.org/assertion-error/-/assertion-error-1.0.0.tgz",
          "integrity": "sha1-x/hUOP3UZrx8oWq5DIFRN5el0js=",
          "dev": true
        },
        "deep-eql": {
          "version": "0.1.3",
          "resolved": "https://registry.npmjs.org/deep-eql/-/deep-eql-0.1.3.tgz",
          "integrity": "sha1-71WKyrjeJSBs1xOQbXTlaTDrafI=",
          "dev": true,
          "dependencies": {
            "type-detect": {
              "version": "0.1.1",
              "resolved": "https://registry.npmjs.org/type-detect/-/type-detect-0.1.1.tgz",
              "integrity": "sha1-C6XsKohWQORw6k6FBZcZANrFiCI=",
              "dev": true
            }
          }
        }
      }
    },
    "consolidate": {
      "version": "0.12.1",
      "resolved": "https://registry.npmjs.org/consolidate/-/consolidate-0.12.1.tgz",
      "integrity": "sha1-H/AJ58jQPB9sBQV01GS5L9DPx9U="
    },
    "cookie-parser": {
      "version": "1.3.5",
      "resolved": "https://registry.npmjs.org/cookie-parser/-/cookie-parser-1.3.5.tgz",
      "integrity": "sha1-nXVVcPtdF4kHcSJ6AjFNm+fPg1Y=",
      "dependencies": {
        "cookie": {
          "version": "0.1.3",
          "resolved": "https://registry.npmjs.org/cookie/-/cookie-0.1.3.tgz",
          "integrity": "sha1-5zSlwUF/zkctWu+Cw4HKu2TRpDU="
        },
        "cookie-signature": {
          "version": "1.0.6",
          "resolved": "https://registry.npmjs.org/cookie-signature/-/cookie-signature-1.0.6.tgz",
          "integrity": "sha1-4wOogrNCzD7oylE6eZmXNNqzriw="
        }
      }
    },
    "core-util-is": {
      "version": "1.0.2",
      "resolved": "https://registry.npmjs.org/core-util-is/-/core-util-is-1.0.2.tgz",
      "integrity": "sha1-tf1UIgqivFq1eqtxQMlAdUUDwac="
    },
    "errorhandler": {
      "version": "1.4.2",
      "resolved": "https://registry.npmjs.org/errorhandler/-/errorhandler-1.4.2.tgz",
      "integrity": "sha1-5R6/BKfmy4IgtBeA1leSXowCV6k=",
      "dependencies": {
        "accepts": {
          "version": "1.2.12",
          "resolved": "https://registry.npmjs.org/accepts/-/accepts-1.2.12.tgz",
          "integrity": "sha1-fm2ID0c7XEjUbj419x6nw7aFFMM=",
          "dependencies": {
            "mime-types": {
              "version": "2.1.5",
              "resolved": "https://registry.npmjs.org/mime-types/-/mime-types-2.1.5.tgz",
              "integrity": "sha1-I1WsDh4MWmjY32R0tDEZJ0Pwo+o=",
              "dependencies": {
                "mime-db": {
                  "version": "1.17.0",
                  "resolved": "https://registry.npmjs.org/mime-db/-/mime-db-1.17.0.tgz",
                  "integrity": "sha1-lb3ARAktK8wxid0Z++1u06Pz3yo="
                }
              }
            },
            "negotiator": {
              "version": "0.5.3",
              "resolved": "https://registry.npmjs.org/negotiator/-/negotiator-0.5.3.tgz",
              "integrity": "sha1-Jp1cR2gQ7JLtvntsLygxY4T5p+g="
            }
          }
        },
        "escape-html": {
          "version": "1.0.2",
          "resolved": "https://registry.npmjs.org/escape-html/-/escape-html-1.0.2.tgz",
          "integrity": "sha1-130y+pjjjC9BroXpJ44ODmuhAiw="
        }
      }
    },
    "es6-promise": {
      "version": "3.2.1",
      "resolved": "https://registry.npmjs.org/es6-promise/-/es6-promise-3.2.1.tgz",
      "integrity": "sha1-7FYjOGgDKQkgcXDDlEjiREndH8Q="
    },
    "express": {
      "version": "4.13.3",
      "resolved": "https://registry.npmjs.org/express/-/express-4.13.3.tgz",
      "integrity": "sha1-3bLx+0UCvzNZjSsDKwN5YMpsgKM=",
      "dependencies": {
        "accepts": {
          "version": "1.2.12",
          "resolved": "https://registry.npmjs.org/accepts/-/accepts-1.2.12.tgz",
          "integrity": "sha1-fm2ID0c7XEjUbj419x6nw7aFFMM=",
          "dependencies": {
            "mime-types": {
              "version": "2.1.5",
              "resolved": "https://registry.npmjs.org/mime-types/-/mime-types-2.1.5.tgz",
              "integrity": "sha1-I1WsDh4MWmjY32R0tDEZJ0Pwo+o=",
              "dependencies": {
                "mime-db": {
                  "version": "1.17.0",
                  "resolved": "https://registry.npmjs.org/mime-db/-/mime-db-1.17.0.tgz",
                  "integrity": "sha1-lb3ARAktK8wxid0Z++1u06Pz3yo="
                }
              }
            },
            "negotiator": {
              "version": "0.5.3",
              "resolved": "https://registry.npmjs.org/negotiator/-/negotiator-0.5.3.tgz",
              "integrity": "sha1-Jp1cR2gQ7JLtvntsLygxY4T5p+g="
            }
          }
        },
        "array-flatten": {
          "version": "1.1.1",
          "resolved": "https://registry.npmjs.org/array-flatten/-/array-flatten-1.1.1.tgz",
          "integrity": "sha1-ml9pkFGx5wczKPKgCJaLZOopVdI="
        },
        "content-disposition": {
          "version": "0.5.0",
          "resolved": "https://registry.npmjs.org/content-disposition/-/content-disposition-0.5.0.tgz",
          "integrity": "sha1-QoT+auBjCHRjnkToCkGMKTQTXp4="
        },
        "content-type": {
          "version": "1.0.1",
          "resolved": "https://registry.npmjs.org/content-type/-/content-type-1.0.1.tgz",
          "integrity": "sha1-oZ0iRzJ9wDgFDOYit6FU7FnF5gA="
        },
        "cookie": {
          "version": "0.1.3",
          "resolved": "https://registry.npmjs.org/cookie/-/cookie-0.1.3.tgz",
          "integrity": "sha1-5zSlwUF/zkctWu+Cw4HKu2TRpDU="
        },
        "cookie-signature": {
          "version": "1.0.6",
          "resolved": "https://registry.npmjs.org/cookie-signature/-/cookie-signature-1.0.6.tgz",
          "integrity": "sha1-4wOogrNCzD7oylE6eZmXNNqzriw="
        },
        "debug": {
          "version": "2.2.0",
          "resolved": "https://registry.npmjs.org/debug/-/debug-2.2.0.tgz",
          "integrity": "sha1-+HBX6ZWxofauaklgZkE3vFbwOdo=",
          "dependencies": {
            "ms": {
              "version": "0.7.1",
              "resolved": "https://registry.npmjs.org/ms/-/ms-0.7.1.tgz",
              "integrity": "sha1-nNE8A62/8ltl7/3nzoZO6VIBcJg="
            }
          }
        },
        "depd": {
          "version": "1.0.1",
          "resolved": "https://registry.npmjs.org/depd/-/depd-1.0.1.tgz",
          "integrity": "sha1-gK7GTJ1tl+ZcwqnKqTwKpqv3Oqo="
        },
        "escape-html": {
          "version": "1.0.2",
          "resolved": "https://registry.npmjs.org/escape-html/-/escape-html-1.0.2.tgz",
          "integrity": "sha1-130y+pjjjC9BroXpJ44ODmuhAiw="
        },
        "etag": {
          "version": "1.7.0",
          "resolved": "https://registry.npmjs.org/etag/-/etag-1.7.0.tgz",
          "integrity": "sha1-A9MLX2fdbmMtKUXTDWZScxo01dg="
        },
        "finalhandler": {
          "version": "0.4.0",
          "resolved": "https://registry.npmjs.org/finalhandler/-/finalhandler-0.4.0.tgz",
          "integrity": "sha1-llpS2ejQXSuFdUhUH7ibU6JJfZs=",
          "dependencies": {
            "unpipe": {
              "version": "1.0.0",
              "resolved": "https://registry.npmjs.org/unpipe/-/unpipe-1.0.0.tgz",
              "integrity": "sha1-sr9O6FFKrmFltIF4KdIbLvSZBOw="
            }
          }
        },
        "fresh": {
          "version": "0.3.0",
          "resolved": "https://registry.npmjs.org/fresh/-/fresh-0.3.0.tgz",
          "integrity": "sha1-ZR+DjiJCTnVm3hYdg1jKoZn4PU8="
        },
        "merge-descriptors": {
          "version": "1.0.0",
          "resolved": "https://registry.npmjs.org/merge-descriptors/-/merge-descriptors-1.0.0.tgz",
          "integrity": "sha1-IWnPdTjhsMyH+4jhUC2EdLv3mGQ="
        },
        "methods": {
          "version": "1.1.1",
          "resolved": "https://registry.npmjs.org/methods/-/methods-1.1.1.tgz",
          "integrity": "sha1-F+pjZgZtAMWON1uOx9/QRTyJgio="
        },
        "on-finished": {
          "version": "2.3.0",
          "resolved": "https://registry.npmjs.org/on-finished/-/on-finished-2.3.0.tgz",
          "integrity": "sha1-IPEzZIGwg811M3mSoWlxqi2QaUc=",
          "dependencies": {
            "ee-first": {
              "version": "1.1.1",
              "resolved": "https://registry.npmjs.org/ee-first/-/ee-first-1.1.1.tgz",
              "integrity": "sha1-WQxhFWsK4vTwJVcyoViyZrxWsh0="
            }
          }
        },
        "parseurl": {
          "version": "1.3.0",
          "resolved": "https://registry.npmjs.org/parseurl/-/parseurl-1.3.0.tgz",
          "integrity": "sha1-tYBG20Ij4UWvp2AJ5hush8wigbM="
        },
        "path-to-regexp": {
          "version": "0.1.7",
          "resolved": "https://registry.npmjs.org/path-to-regexp/-/path-to-regexp-0.1.7.tgz",
          "integrity": "sha1-32BBeABfUi8V60SQ5yR6G/qmf4w="
        },
        "proxy-addr": {
          "version": "1.0.8",
          "resolved": "https://registry.npmjs.org/proxy-addr/-/proxy-addr-1.0.8.tgz",
          "integrity": "sha1-21Tsh4vMEFPVdkZgkhmzcVZ4uv4=",
          "dependencies": {
            "forwarded": {
              "version": "0.1.0",
              "resolved": "https://registry.npmjs.org/forwarded/-/forwarded-0.1.0.tgz",
              "integrity": "sha1-Ge+YdMSuHCl7zweP3mOgm2aoQ2M="
            },
            "ipaddr.js": {
              "version": "1.0.1",
              "resolved": "https://registry.npmjs.org/ipaddr.js/-/ipaddr.js-1.0.1.tgz",
              "integrity": "sha1-XziAHcc+BAD8cHY4b27VIV+9j5U="
            }
          }
        },
        "qs": {
          "version": "4.0.0",
          "resolved": "https://registry.npmjs.org/qs/-/qs-4.0.0.tgz",
          "integrity": "sha1-wx2bdOwn33XlQ6hseHKO2NRiNgc="
        },
        "range-parser": {
          "version": "1.0.2",
          "resolved": "https://registry.npmjs.org/range-parser/-/range-parser-1.0.2.tgz",
          "integrity": "sha1-BqEqQuUTG6jkV82JIESGfyNE5Uk="
        },
        "send": {
          "version": "0.13.0",
          "resolved": "https://registry.npmjs.org/send/-/send-0.13.0.tgz",
          "integrity": "sha1-UY+SGusFYK7H3KspkLFM9vPM5d4=",
          "dependencies": {
            "destroy": {
              "version": "1.0.3",
              "resolved": "https://registry.npmjs.org/destroy/-/destroy-1.0.3.tgz",
              "integrity": "sha1-tDO0ck5x/YVR2YhRdIUcX8N34sk="
            },
            "http-errors": {
              "version": "1.3.1",
              "resolved": "https://registry.npmjs.org/http-errors/-/http-errors-1.3.1.tgz",
              "integrity": "sha1-GX4izevUGYWF6GlO9nhhl7ke2UI=",
              "dependencies": {
                "inherits": {
                  "version": "2.0.1",
                  "resolved": "https://registry.npmjs.org/inherits/-/inherits-2.0.1.tgz",
                  "integrity": "sha1-sX0I0ya0Qj5Wjv9xn5GwscvfafE="
                }
              }
            },
            "mime": {
              "version": "1.3.4",
              "resolved": "https://registry.npmjs.org/mime/-/mime-1.3.4.tgz",
              "integrity": "sha1-EV+eO2s9rylZmDyzjxSaLUDrXVM="
            },
            "ms": {
              "version": "0.7.1",
              "resolved": "https://registry.npmjs.org/ms/-/ms-0.7.1.tgz",
              "integrity": "sha1-nNE8A62/8ltl7/3nzoZO6VIBcJg="
            },
            "statuses": {
              "version": "1.2.1",
              "resolved": "https://registry.npmjs.org/statuses/-/statuses-1.2.1.tgz",
              "integrity": "sha1-3e1FzBglbVHtQK7BQkidXGECbSg="
            }
          }
        },
        "serve-static": {
          "version": "1.10.0",
          "resolved": "https://registry.npmjs.org/serve-static/-/serve-static-1.10.0.tgz",
          "integrity": "sha1-vmMvqmhYIOSkPtPfE3kTXMTzcNc="
        },
        "type-is": {
          "version": "1.6.7",
          "resolved": "https://registry.npmjs.org/type-is/-/type-is-1.6.7.tgz",
          "integrity": "sha1-XsK8fH3rw39YbVGMB0erkB92vOw=",
          "dependencies": {
            "media-typer": {
              "version": "0.3.0",
              "resolved": "https://registry.npmjs.org/media-typer/-/media-typer-0.3.0.tgz",
              "integrity": "sha1-hxDXrwqmJvj/+hzgAWhUUmMlV0g="
            },
            "mime-types": {
              "version": "2.1.5",
              "resolved": "https://registry.npmjs.org/mime-types/-/mime-types-2.1.5.tgz",
              "integrity": "sha1-I1WsDh4MWmjY32R0tDEZJ0Pwo+o=",
              "dependencies": {
                "mime-db": {
                  "version": "1.17.0",
                  "resolved": "https://registry.npmjs.org/mime-db/-/mime-db-1.17.0.tgz",
                  "integrity": "sha1-lb3ARAktK8wxid0Z++1u06Pz3yo="
                }
              }
            }
          }
        },
        "utils-merge": {
          "version": "1.0.0",
          "resolved": "https://registry.npmjs.org/utils-merge/-/utils-merge-1.0.0.tgz",
          "integrity": "sha1-ApT7kiu5N1FTVBxPcJYjHyh8ivg="
        },
        "vary": {
          "version": "1.0.1",
          "resolved": "https://registry.npmjs.org/vary/-/vary-1.0.1.tgz",
          "integrity": "sha1-meSYFWaihhGN+yuBc1ffeZM3bRA="
        }
      }
    },
    "express-session": {
      "version": "1.11.3",
      "resolved": "https://registry.npmjs.org/express-session/-/express-session-1.11.3.tgz",
      "integrity": "sha1-XMmPP1/4Ttg1+Ry/CqvQxxB0AK8=",
      "dependencies": {
        "cookie": {
          "version": "0.1.3",
          "resolved": "https://registry.npmjs.org/cookie/-/cookie-0.1.3.tgz",
          "integrity": "sha1-5zSlwUF/zkctWu+Cw4HKu2TRpDU="
        },
        "cookie-signature": {
          "version": "1.0.6",
          "resolved": "https://registry.npmjs.org/cookie-signature/-/cookie-signature-1.0.6.tgz",
          "integrity": "sha1-4wOogrNCzD7oylE6eZmXNNqzriw="
        },
        "crc": {
          "version": "3.3.0",
          "resolved": "https://registry.npmjs.org/crc/-/crc-3.3.0.tgz",
          "integrity": "sha1-+mIuG8OIvyVzCQgta2UgDOZwkLo="
        },
        "debug": {
          "version": "2.2.0",
          "resolved": "https://registry.npmjs.org/debug/-/debug-2.2.0.tgz",
          "integrity": "sha1-+HBX6ZWxofauaklgZkE3vFbwOdo=",
          "dependencies": {
            "ms": {
              "version": "0.7.1",
              "resolved": "https://registry.npmjs.org/ms/-/ms-0.7.1.tgz",
              "integrity": "sha1-nNE8A62/8ltl7/3nzoZO6VIBcJg="
            }
          }
        },
        "depd": {
          "version": "1.0.1",
          "resolved": "https://registry.npmjs.org/depd/-/depd-1.0.1.tgz",
          "integrity": "sha1-gK7GTJ1tl+ZcwqnKqTwKpqv3Oqo="
        },
        "on-headers": {
          "version": "1.0.0",
          "resolved": "https://registry.npmjs.org/on-headers/-/on-headers-1.0.0.tgz",
          "integrity": "sha1-LHW12kN1UT0BYcYFLn/L5JU/yl0="
        },
        "parseurl": {
          "version": "1.3.0",
          "resolved": "https://registry.npmjs.org/parseurl/-/parseurl-1.3.0.tgz",
          "integrity": "sha1-tYBG20Ij4UWvp2AJ5hush8wigbM="
        },
        "uid-safe": {
          "version": "2.0.0",
          "resolved": "https://registry.npmjs.org/uid-safe/-/uid-safe-2.0.0.tgz",
          "integrity": "sha1-p/PGymSh9qXQTsDvPkw9U2cxcTc=",
          "dependencies": {
            "base64-url": {
              "version": "1.2.1",
              "resolved": "https://registry.npmjs.org/base64-url/-/base64-url-1.2.1.tgz",
              "integrity": "sha1-GZ/WYXAqDnt9yubgaYuwicUvbXg="
            }
          }
        },
        "utils-merge": {
          "version": "1.0.0",
          "resolved": "https://registry.npmjs.org/utils-merge/-/utils-merge-1.0.0.tgz",
          "integrity": "sha1-ApT7kiu5N1FTVBxPcJYjHyh8ivg="
        }
      }
    },
    "inherits": {
      "version": "2.0.3",
      "resolved": "https://registry.npmjs.org/inherits/-/inherits-2.0.3.tgz",
      "integrity": "sha1-Yzwsg+PaQqUC9SRmAiSA9CCCYd4="
    },
    "isarray": {
      "version": "1.0.0",
      "resolved": "https://registry.npmjs.org/isarray/-/isarray-1.0.0.tgz",
      "integrity": "sha1-u5NdSFgsuhaMBoNJV6VKPgcSTxE="
    },
    "method-override": {
      "version": "2.3.5",
      "resolved": "https://registry.npmjs.org/method-override/-/method-override-2.3.5.tgz",
      "integrity": "sha1-LNXNv/AMNnPXrjRRGagSpdlbjI4=",
      "dependencies": {
        "debug": {
          "version": "2.2.0",
          "resolved": "https://registry.npmjs.org/debug/-/debug-2.2.0.tgz",
          "integrity": "sha1-+HBX6ZWxofauaklgZkE3vFbwOdo=",
          "dependencies": {
            "ms": {
              "version": "0.7.1",
              "resolved": "https://registry.npmjs.org/ms/-/ms-0.7.1.tgz",
              "integrity": "sha1-nNE8A62/8ltl7/3nzoZO6VIBcJg="
            }
          }
        },
        "methods": {
          "version": "1.1.1",
          "resolved": "https://registry.npmjs.org/methods/-/methods-1.1.1.tgz",
          "integrity": "sha1-F+pjZgZtAMWON1uOx9/QRTyJgio="
        },
        "parseurl": {
          "version": "1.3.0",
          "resolved": "https://registry.npmjs.org/parseurl/-/parseurl-1.3.0.tgz",
          "integrity": "sha1-tYBG20Ij4UWvp2AJ5hush8wigbM="
        },
        "vary": {
          "version": "1.0.1",
          "resolved": "https://registry.npmjs.org/vary/-/vary-1.0.1.tgz",
          "integrity": "sha1-meSYFWaihhGN+yuBc1ffeZM3bRA="
        }
      }
    },
    "mocha": {
      "version": "1.18.2",
      "resolved": "https://registry.npmjs.org/mocha/-/mocha-1.18.2.tgz",
      "integrity": "sha1-gAhI+PeITGHu/PoqJzBLqeVEbQs=",
      "dev": true,
      "dependencies": {
        "commander": {
          "version": "2.0.0",
          "resolved": "https://registry.npmjs.org/commander/-/commander-2.0.0.tgz",
          "integrity": "sha1-0bhvkB+LZL2UG96tr5JFMDk76Sg=",
          "dev": true
        },
        "debug": {
          "version": "2.2.0",
          "resolved": "https://registry.npmjs.org/debug/-/debug-2.2.0.tgz",
          "integrity": "sha1-+HBX6ZWxofauaklgZkE3vFbwOdo=",
          "dev": true,
          "dependencies": {
            "ms": {
              "version": "0.7.1",
              "resolved": "https://registry.npmjs.org/ms/-/ms-0.7.1.tgz",
              "integrity": "sha1-nNE8A62/8ltl7/3nzoZO6VIBcJg=",
              "dev": true
            }
          }
        },
        "diff": {
          "version": "1.0.7",
          "resolved": "https://registry.npmjs.org/diff/-/diff-1.0.7.tgz",
          "integrity": "sha1-JLuwAcSn1VIhaefKvbLCgU7ZHPQ=",
          "dev": true
        },
        "glob": {
          "version": "3.2.3",
          "resolved": "https://registry.npmjs.org/glob/-/glob-3.2.3.tgz",
          "integrity": "sha1-4xPusknHr/qlxHUoaw4RW1mDlGc=",
          "dev": true,
          "dependencies": {
            "graceful-fs": {
              "version": "2.0.3",
              "resolved": "https://registry.npmjs.org/graceful-fs/-/graceful-fs-2.0.3.tgz",
              "integrity": "sha1-fNLNsiiko/Nule+mzBQt59GhNtA=",
              "dev": true
            },
            "inherits": {
              "version": "2.0.1",
              "resolved": "https://registry.npmjs.org/inherits/-/inherits-2.0.1.tgz",
              "integrity": "sha1-sX0I0ya0Qj5Wjv9xn5GwscvfafE=",
              "dev": true
            },
            "minimatch": {
              "version": "0.2.14",
              "resolved": "https://registry.npmjs.org/minimatch/-/minimatch-0.2.14.tgz",
              "integrity": "sha1-x054BXT2PG+aCQ6Q775u9TpqdWo=",
              "dev": true,
              "dependencies": {
                "lru-cache": {
                  "version": "2.6.5",
                  "resolved": "https://registry.npmjs.org/lru-cache/-/lru-cache-2.6.5.tgz",
                  "integrity": "sha1-5W1jVBSO3o13B7WNFDIg/QjfD9U=",
                  "dev": true
                },
                "sigmund": {
                  "version": "1.0.1",
                  "resolved": "https://registry.npmjs.org/sigmund/-/sigmund-1.0.1.tgz",
                  "integrity": "sha1-P/IfGYytIXX587eBhT/ZTQ0ZtZA=",
                  "dev": true
                }
              }
            }
          }
        },
        "growl": {
          "version": "1.7.0",
          "resolved": "https://registry.npmjs.org/growl/-/growl-1.7.0.tgz",
          "integrity": "sha1-3i1mE20ALhErpw8/EMMc98NQsto=",
          "dev": true
        },
        "jade": {
          "version": "0.26.3",
          "resolved": "https://registry.npmjs.org/jade/-/jade-0.26.3.tgz",
          "integrity": "sha1-jxDXl32NefL2/4YqgbBRPMslaGw=",
          "dev": true,
          "dependencies": {
            "commander": {
              "version": "0.6.1",
              "resolved": "https://registry.npmjs.org/commander/-/commander-0.6.1.tgz",
              "integrity": "sha1-+mihT2qUXVTbvlDYzbMyDp47GgY=",
              "dev": true
            },
            "mkdirp": {
              "version": "0.3.0",
              "resolved": "https://registry.npmjs.org/mkdirp/-/mkdirp-0.3.0.tgz",
              "integrity": "sha1-G79asbqCevI1dRQ0kEJkVfSB/h4=",
              "dev": true
            }
          }
        },
        "mkdirp": {
          "version": "0.3.5",
          "resolved": "https://registry.npmjs.org/mkdirp/-/mkdirp-0.3.5.tgz",
          "integrity": "sha1-3j5fiWHIjHh+4TaN+EmsRBPsqNc=",
          "dev": true
        }
      }
    },
    "mongodb": {
      "version": "2.2.19",
      "resolved": "https://registry.npmjs.org/mongodb/-/mongodb-2.2.19.tgz",
      "integrity": "sha1-nYR0X5Np/zAd9aF5DPSFN18d99c="
    },
    "mongodb-core": {
      "version": "2.1.4",
      "resolved": "https://registry.npmjs.org/mongodb-core/-/mongodb-core-2.1.4.tgz",
      "integrity": "sha1-l/hMsSZgbHJYXmYGbqOgXpwg3Js="
    },
    "morgan": {
      "version": "1.6.1",
      "resolved": "https://registry.npmjs.org/morgan/-/morgan-1.6.1.tgz",
      "integrity": "sha1-X9gYOYxoGcuiinzWZk8pL+HAu/I=",
      "dependencies": {
        "basic-auth": {
          "version": "1.0.3",
          "resolved": "https://registry.npmjs.org/basic-auth/-/basic-auth-1.0.3.tgz",
          "integrity": "sha1-QfVVI+WJQFA47jVnlYxipe1wVRo="
        },
        "debug": {
          "version": "2.2.0",
          "resolved": "https://registry.npmjs.org/debug/-/debug-2.2.0.tgz",
          "integrity": "sha1-+HBX6ZWxofauaklgZkE3vFbwOdo=",
          "dependencies": {
            "ms": {
              "version": "0.7.1",
              "resolved": "https://registry.npmjs.org/ms/-/ms-0.7.1.tgz",
              "integrity": "sha1-nNE8A62/8ltl7/3nzoZO6VIBcJg="
            }
          }
        },
        "depd": {
          "version": "1.0.1",
          "resolved": "https://registry.npmjs.org/depd/-/depd-1.0.1.tgz",
          "integrity": "sha1-gK7GTJ1tl+ZcwqnKqTwKpqv3Oqo="
        },
        "on-finished": {
          "version": "2.3.0",
          "resolved": "https://registry.npmjs.org/on-finished/-/on-finished-2.3.0.tgz",
          "integrity": "sha1-IPEzZIGwg811M3mSoWlxqi2QaUc=",
          "dependencies": {
            "ee-first": {
              "version": "1.1.1",
              "resolved": "https://registry.npmjs.org/ee-first/-/ee-first-1.1.1.tgz",
              "integrity": "sha1-WQxhFWsK4vTwJVcyoViyZrxWsh0="
            }
          }
        },
        "on-headers": {
          "version": "1.0.0",
          "resolved": "https://registry.npmjs.org/on-headers/-/on-headers-1.0.0.tgz",
          "integrity": "sha1-LHW12kN1UT0BYcYFLn/L5JU/yl0="
        }
      }
    },
    "process-nextick-args": {
      "version": "1.0.7",
      "resolved": "https://registry.npmjs.org/process-nextick-args/-/process-nextick-args-1.0.7.tgz",
      "integrity": "sha1-FQ4gt1ZZCtP5EJPyWk8q2L/zC6M="
    },
    "readable-stream": {
      "version": "2.1.5",
      "resolved": "https://registry.npmjs.org/readable-stream/-/readable-stream-2.1.5.tgz",
      "integrity": "sha1-ZvqLcg4UOLNkaB8q0aY8YYRIydA="
    },
    "require_optional": {
      "version": "1.0.1",
      "resolved": "https://registry.npmjs.org/require_optional/-/require_optional-1.0.1.tgz",
      "integrity": "sha512-qhM/y57enGWHAe3v/NcwML6a3/vfESLe/sGM2dII+gEO0BpKRUkWZow/tyloNqJyN6kXSl3RyyM8Ll5D/sJP8g=="
    },
    "resolve-from": {
      "version": "2.0.0",
      "resolved": "https://registry.npmjs.org/resolve-from/-/resolve-from-2.0.0.tgz",
      "integrity": "sha1-lICrIOlP+h2egKgEx+oUdhGWa1c="
    },
    "semver": {
      "version": "5.3.0",
      "resolved": "https://registry.npmjs.org/semver/-/semver-5.3.0.tgz",
      "integrity": "sha1-myzl094C0XxgEq0yaqa00M9U+U8="
    },
    "serve-favicon": {
      "version": "2.3.0",
      "resolved": "https://registry.npmjs.org/serve-favicon/-/serve-favicon-2.3.0.tgz",
      "integrity": "sha1-rtNsxoNAaabxicxyIsahqBHcWzk=",
      "dependencies": {
        "etag": {
          "version": "1.7.0",
          "resolved": "https://registry.npmjs.org/etag/-/etag-1.7.0.tgz",
          "integrity": "sha1-A9MLX2fdbmMtKUXTDWZScxo01dg="
        },
        "fresh": {
          "version": "0.3.0",
          "resolved": "https://registry.npmjs.org/fresh/-/fresh-0.3.0.tgz",
          "integrity": "sha1-ZR+DjiJCTnVm3hYdg1jKoZn4PU8="
        },
        "ms": {
          "version": "0.7.1",
          "resolved": "https://registry.npmjs.org/ms/-/ms-0.7.1.tgz",
          "integrity": "sha1-nNE8A62/8ltl7/3nzoZO6VIBcJg="
        },
        "parseurl": {
          "version": "1.3.0",
          "resolved": "https://registry.npmjs.org/parseurl/-/parseurl-1.3.0.tgz",
          "integrity": "sha1-tYBG20Ij4UWvp2AJ5hush8wigbM="
        }
      }
    },
    "string_decoder": {
      "version": "0.10.31",
      "resolved": "https://registry.npmjs.org/string_decoder/-/string_decoder-0.10.31.tgz",
      "integrity": "sha1-YuIDvEF2bGwoyfyEMB2rHFMQ+pQ="
    },
    "swig": {
      "version": "1.3.2",
      "resolved": "https://registry.npmjs.org/swig/-/swig-1.3.2.tgz",
      "integrity": "sha1-GsroKh/7TQLG6E0KlHnmb2Gvaoc=",
      "dependencies": {
        "optimist": {
          "version": "0.6.1",
          "resolved": "https://registry.npmjs.org/optimist/-/optimist-0.6.1.tgz",
          "integrity": "sha1-2j6nRob6IaGaERwybpDrFaAZZoY=",
          "dependencies": {
            "minimist": {
              "version": "0.0.10",
              "resolved": "https://registry.npmjs.org/minimist/-/minimist-0.0.10.tgz",
              "integrity": "sha1-3j+YVD2/lggr5IrRoMfNqDYwHc8="
            },
            "wordwrap": {
              "version": "0.0.3",
              "resolved": "https://registry.npmjs.org/wordwrap/-/wordwrap-0.0.3.tgz",
              "integrity": "sha1-o9XabNXAvAAI03I0u68b7WMFkQc="
            }
          }
        },
        "uglify-js": {
          "version": "2.4.24",
          "resolved": "https://registry.npmjs.org/uglify-js/-/uglify-js-2.4.24.tgz",
          "integrity": "sha1-+tV1XB4Vd2WLsG/5q25UjJW+vW4=",
          "dependencies": {
            "async": {
              "version": "0.2.10",
              "resolved": "https://registry.npmjs.org/async/-/async-0.2.10.tgz",
              "integrity": "sha1-trvgsGdLnXGXCMo43owjfLUmw9E="
            },
            "source-map": {
              "version": "0.1.34",
              "resolved": "https://registry.npmjs.org/source-map/-/source-map-0.1.34.tgz",
              "integrity": "sha1-p8/omux7FoLDsZjQrPtH19CQVms=",
              "dependencies": {
                "amdefine": {
                  "version": "1.0.0",
                  "resolved": "https://registry.npmjs.org/amdefine/-/amdefine-1.0.0.tgz",
                  "integrity": "sha1-/RdHRwDLXMnCtwnwvp0jzjwZjDM="
                }
              }
            },
            "uglify-to-browserify": {
              "version": "1.0.2",
              "resolved": "https://registry.npmjs.org/uglify-to-browserify/-/uglify-to-browserify-1.0.2.tgz",
              "integrity": "sha1-bgkk1r2mta/jSeOabWMoUKD4grc="
            },
            "yargs": {
              "version": "3.5.4",
              "resolved": "https://registry.npmjs.org/yargs/-/yargs-3.5.4.tgz",
              "integrity": "sha1-2K/49mXpTDS9JZvevRv68N3TU2E=",
              "dependencies": {
                "camelcase": {
                  "version": "1.2.1",
                  "resolved": "https://registry.npmjs.org/camelcase/-/camelcase-1.2.1.tgz",
                  "integrity": "sha1-m7UwTS4LVmmLLHWLCKPqqdqlijk="
                },
                "decamelize": {
                  "version": "1.0.0",
                  "resolved": "https://registry.npmjs.org/decamelize/-/decamelize-1.0.0.tgz",
                  "integrity": "sha1-UocSL3FpHUUFsY/yJY3EAKWyOEc="
                },
                "window-size": {
                  "version": "0.1.0",
                  "resolved": "https://registry.npmjs.org/window-size/-/window-size-0.1.0.tgz",
                  "integrity": "sha1-VDjNLqk7IC76Ohn+iIeu58lPnJ0="
                },
                "wordwrap": {
                  "version": "0.0.2",
                  "resolved": "https://registry.npmjs.org/wordwrap/-/wordwrap-0.0.2.tgz",
                  "integrity": "sha1-t5Zpu0LstAn4PVg8rVLKF+qhZD8="
                }
              }
            }
          }
        }
      }
    },
    "underscore": {
      "version": "1.6.0",
      "resolved": "https://registry.npmjs.org/underscore/-/underscore-1.6.0.tgz",
      "integrity": "sha1-izixDKze9jM3uLJOT/htRa6lKag="
    },
    "util-deprecate": {
      "version": "1.0.2",
      "resolved": "https://registry.npmjs.org/util-deprecate/-/util-deprecate-1.0.2.tgz",
      "integrity": "sha1-RQ1Nyfpw3nMnYvvS1KKJgUGaDM8="
    }
  }
}
